<?xml version="1.0" encoding="utf-8"?>
<Project ToolsVersion="4.0" xmlns="http://schemas.microsoft.com/developer/msbuild/2003">
  <ItemGroup>
    <Filter Include="ColaMan">
      <UniqueIdentifier>{60FD0234-CCDC-81CF-D5F4-0CA64153E830}</UniqueIdentifier>
    </Filter>
    <Filter Include="ColaMan\Core">
      <UniqueIdentifier>{B87DD111-A4E0-60B6-4D66-996C39A82C39}</UniqueIdentifier>
    </Filter>
    <Filter Include="ColaMan\DirectX12">
      <UniqueIdentifier>{25D7AE10-91ED-ACA6-DA64-38C846BA7D2E}</UniqueIdentifier>
    </Filter>
    <Filter Include="ColaMan\Event">
      <UniqueIdentifier>{B106294C-1DC7-A482-E601-EEFF5281E95E}</UniqueIdentifier>
    </Filter>
    <Filter Include="ColaMan\ImGui">
      <UniqueIdentifier>{8AFA6B4C-F6BA-E782-BFF5-30002B752C5F}</UniqueIdentifier>
    </Filter>
    <Filter Include="ColaMan\Renderer">
      <UniqueIdentifier>{064D3142-F245-5094-1B78-351907D02FA0}</UniqueIdentifier>
    </Filter>
    <Filter Include="Platform">
      <UniqueIdentifier>{2AC788B4-1694-E3BF-3FAD-D1672BD9184E}</UniqueIdentifier>
    </Filter>
    <Filter Include="Platform\DirectX12">
      <UniqueIdentifier>{6FE5EAC0-5BC9-AB16-C429-A669B02C9698}</UniqueIdentifier>
    </Filter>
    <Filter Include="Platform\Windows">
      <UniqueIdentifier>{64FBD71A-50F4-F66C-7926-DCF1657ED678}</UniqueIdentifier>
    </Filter>
  </ItemGroup>
  <ItemGroup>
    <ClInclude Include="src\ColaMan.h" />
    <ClInclude Include="src\ColaMan\Application.h">
      <Filter>ColaMan</Filter>
    </ClInclude>
    <ClInclude Include="src\ColaMan\Core.h">
      <Filter>ColaMan</Filter>
    </ClInclude>
    <ClInclude Include="src\ColaMan\Core\KeyCodes.h">
      <Filter>ColaMan\Core</Filter>
    </ClInclude>
    <ClInclude Include="src\ColaMan\Core\MouseCodes.h">
      <Filter>ColaMan\Core</Filter>
    </ClInclude>
    <ClInclude Include="src\ColaMan\DirectX12\CMd3dApp.h">
      <Filter>ColaMan\DirectX12</Filter>
    </ClInclude>
    <ClInclude Include="src\ColaMan\DirectX12\Camera.h">
      <Filter>ColaMan\DirectX12</Filter>
    </ClInclude>
    <ClInclude Include="src\ColaMan\DirectX12\DDSTextureLoader.h">
      <Filter>ColaMan\DirectX12</Filter>
    </ClInclude>
    <ClInclude Include="src\ColaMan\DirectX12\GameTimer.h">
      <Filter>ColaMan\DirectX12</Filter>
    </ClInclude>
    <ClInclude Include="src\ColaMan\DirectX12\GeometryGenerator.h">
      <Filter>ColaMan\DirectX12</Filter>
    </ClInclude>
    <ClInclude Include="src\ColaMan\DirectX12\MathHelper.h">
      <Filter>ColaMan\DirectX12</Filter>
    </ClInclude>
    <ClInclude Include="src\ColaMan\DirectX12\ShapesApp.h">
      <Filter>ColaMan\DirectX12</Filter>
    </ClInclude>
    <ClInclude Include="src\ColaMan\DirectX12\UploadBuffer.h">
      <Filter>ColaMan\DirectX12</Filter>
    </ClInclude>
    <ClInclude Include="src\ColaMan\DirectX12\d3dApp.h">
      <Filter>ColaMan\DirectX12</Filter>
    </ClInclude>
    <ClInclude Include="src\ColaMan\DirectX12\d3dUtil.h">
      <Filter>ColaMan\DirectX12</Filter>
    </ClInclude>
    <ClInclude Include="src\ColaMan\DirectX12\d3dx12.h">
      <Filter>ColaMan\DirectX12</Filter>
    </ClInclude>
    <ClInclude Include="src\ColaMan\Event\ApplicationEvent.h">
      <Filter>ColaMan\Event</Filter>
    </ClInclude>
    <ClInclude Include="src\ColaMan\Event\Event.h">
      <Filter>ColaMan\Event</Filter>
    </ClInclude>
    <ClInclude Include="src\ColaMan\Event\KeyEvent.h">
      <Filter>ColaMan\Event</Filter>
    </ClInclude>
    <ClInclude Include="src\ColaMan\Event\MouseEvent.h">
      <Filter>ColaMan\Event</Filter>
    </ClInclude>
    <ClInclude Include="src\ColaMan\ImGui\ImGuiLayer.h">
      <Filter>ColaMan\ImGui</Filter>
    </ClInclude>
    <ClInclude Include="src\ColaMan\Input.h">
      <Filter>ColaMan</Filter>
    </ClInclude>
    <ClInclude Include="src\ColaMan\Layer.h">
      <Filter>ColaMan</Filter>
    </ClInclude>
    <ClInclude Include="src\ColaMan\LayerStack.h">
      <Filter>ColaMan</Filter>
    </ClInclude>
    <ClInclude Include="src\ColaMan\Log.h">
      <Filter>ColaMan</Filter>
    </ClInclude>
    <ClInclude Include="src\ColaMan\Renderer\GraphicsContext.h">
      <Filter>ColaMan\Renderer</Filter>
    </ClInclude>
    <ClInclude Include="src\ColaMan\Window.h">
      <Filter>ColaMan</Filter>
    </ClInclude>
    <ClInclude Include="src\Platform\DirectX12\DirectX12Context.h">
      <Filter>Platform\DirectX12</Filter>
    </ClInclude>
    <ClInclude Include="src\Platform\Windows\WindowsInput.h">
      <Filter>Platform\Windows</Filter>
    </ClInclude>
    <ClInclude Include="src\Platform\Windows\WindowsWindow.h">
      <Filter>Platform\Windows</Filter>
    </ClInclude>
    <ClInclude Include="src\hzpch.h" />
    <ClInclude Include="src\ColaMan\Renderer\Shader.h" />
    <ClInclude Include="src\ColaMan\Renderer\Buffer.h" />
    <ClInclude Include="src\Platform\DirectX12\DX12Buffer.h" />
    <ClInclude Include="src\ColaMan\DirectX12\DX12Core.h" />
    <ClInclude Include="src\ColaMan\Renderer\Renderer.h" />
    <ClInclude Include="src\ColaMan\Renderer\PipelineState.h" />
  </ItemGroup>
  <ItemGroup>
    <ClCompile Include="src\ColaMan\Application.cpp">
      <Filter>ColaMan</Filter>
    </ClCompile>
    <ClCompile Include="src\ColaMan\DirectX12\CMd3dApp.cpp">
      <Filter>ColaMan\DirectX12</Filter>
    </ClCompile>
    <ClCompile Include="src\ColaMan\DirectX12\Camera.cpp">
      <Filter>ColaMan\DirectX12</Filter>
    </ClCompile>
    <ClCompile Include="src\ColaMan\DirectX12\DDSTextureLoader.cpp">
      <Filter>ColaMan\DirectX12</Filter>
    </ClCompile>
    <ClCompile Include="src\ColaMan\DirectX12\GameTimer.cpp">
      <Filter>ColaMan\DirectX12</Filter>
    </ClCompile>
    <ClCompile Include="src\ColaMan\DirectX12\GeometryGenerator.cpp">
      <Filter>ColaMan\DirectX12</Filter>
    </ClCompile>
    <ClCompile Include="src\ColaMan\DirectX12\MathHelper.cpp">
      <Filter>ColaMan\DirectX12</Filter>
    </ClCompile>
    <ClCompile Include="src\ColaMan\DirectX12\ShapesApp.cpp">
      <Filter>ColaMan\DirectX12</Filter>
    </ClCompile>
    <ClCompile Include="src\ColaMan\DirectX12\d3dApp.cpp">
      <Filter>ColaMan\DirectX12</Filter>
    </ClCompile>
    <ClCompile Include="src\ColaMan\DirectX12\d3dUtil.cpp">
      <Filter>ColaMan\DirectX12</Filter>
    </ClCompile>
    <ClCompile Include="src\ColaMan\ImGui\ImGuiBuild.cpp">
      <Filter>ColaMan\ImGui</Filter>
    </ClCompile>
    <ClCompile Include="src\ColaMan\ImGui\ImGuiLayer.cpp">
      <Filter>ColaMan\ImGui</Filter>
    </ClCompile>
    <ClCompile Include="src\ColaMan\Layer.cpp">
      <Filter>ColaMan</Filter>
    </ClCompile>
    <ClCompile Include="src\ColaMan\LayerStack.cpp">
      <Filter>ColaMan</Filter>
    </ClCompile>
    <ClCompile Include="src\ColaMan\Log.cpp">
      <Filter>ColaMan</Filter>
    </ClCompile>
    <ClCompile Include="src\Platform\DirectX12\DirectX12Context.cpp">
      <Filter>Platform\DirectX12</Filter>
    </ClCompile>
    <ClCompile Include="src\Platform\Windows\WindowsInput.cpp">
      <Filter>Platform\Windows</Filter>
    </ClCompile>
    <ClCompile Include="src\Platform\Windows\WindowsWindow.cpp">
      <Filter>Platform\Windows</Filter>
    </ClCompile>
    <ClCompile Include="src\hzpch.cpp" />
    <ClCompile Include="src\ColaMan\Renderer\Shader.cpp" />
    <ClCompile Include="src\ColaMan\Renderer\Buffer.cpp" />
    <ClCompile Include="src\ColaMan\DirectX12\DX12Core.cpp" />
    <ClCompile Include="src\Platform\DirectX12\DX12Buffer.cpp" />
    <ClCompile Include="src\ColaMan\Renderer\Renderer.cpp" />
    <ClCompile Include="src\ColaMan\Renderer\PipelineState.cpp" />
  </ItemGroup>
</Project>